
Microsoft Visual Studio Solution File, Format Version 12.00
# Visual Studio Version 17
VisualStudioVersion = 17.7.34221.43
MinimumVisualStudioVersion = 10.0.40219.1
Project("{FAE04EC0-301F-11D3-BF4B-00C04F79EFBC}") = "Day1", "Day1\Day1.csproj", "{DC00A813-AF34-45A3-97D4-935D99BC833E}"
EndProject
Global
	GlobalSection(SolutionConfigurationPlatforms) = preSolution
		Debug|Any CPU = Debug|Any CPU
		Release|Any CPU = Release|Any CPU
	EndGlobalSection
	GlobalSection(ProjectConfigurationPlatforms) = postSolution
		{DC00A813-AF34-45A3-97D4-935D99BC833E}.Debug|Any CPU.ActiveCfg = Debug|Any CPU
		{DC00A813-AF34-45A3-97D4-935D99BC833E}.Debug|Any CPU.Build.0 = Debug|Any CPU
		{DC00A813-AF34-45A3-97D4-935D99BC833E}.Release|Any CPU.ActiveCfg = Release|Any CPU
		{DC00A813-AF34-45A3-97D4-935D99BC833E}.Release|Any CPU.Build.0 = Release|Any CPU
	EndGlobalSection
	GlobalSection(SolutionProperties) = preSolution
		HideSolutionNode = FALSE
	EndGlobalSection
	GlobalSection(ExtensibilityGlobals) = postSolution
		SolutionGuid = {53B3EA27-E14F-423C-89BA-F3C2AEE814AD}
	EndGlobalSection
EndGlobal
